
Microsoft Visual Studio Solution File, Format Version 12.00
# Visual Studio Version 17
VisualStudioVersion = 17.0.32112.339
MinimumVisualStudioVersion = 10.0.40219.1
Project("{FAE04EC0-301F-11D3-BF4B-00C04F79EFBC}") = "Biltiful_Vesao2", "Biltiful_Vesao2.csproj", "{E1698AC8-A865-4EE3-A54A-F325AF2A0589}"
EndProject
Global
	GlobalSection(SolutionConfigurationPlatforms) = preSolution
		Debug|Any CPU = Debug|Any CPU
		Release|Any CPU = Release|Any CPU
	EndGlobalSection
	GlobalSection(ProjectConfigurationPlatforms) = postSolution
		{E1698AC8-A865-4EE3-A54A-F325AF2A0589}.Debug|Any CPU.ActiveCfg = Debug|Any CPU
		{E1698AC8-A865-4EE3-A54A-F325AF2A0589}.Debug|Any CPU.Build.0 = Debug|Any CPU
		{E1698AC8-A865-4EE3-A54A-F325AF2A0589}.Release|Any CPU.ActiveCfg = Release|Any CPU
		{E1698AC8-A865-4EE3-A54A-F325AF2A0589}.Release|Any CPU.Build.0 = Release|Any CPU
	EndGlobalSection
	GlobalSection(SolutionProperties) = preSolution
		HideSolutionNode = FALSE
	EndGlobalSection
	GlobalSection(ExtensibilityGlobals) = postSolution
		SolutionGuid = {368C983D-85F1-41AB-88E6-E41E0D32078C}
	EndGlobalSection
EndGlobal
